
Microsoft Visual Studio Solution File, Format Version 12.00
# Visual Studio Version 17
VisualStudioVersion = 17.0.31903.59
MinimumVisualStudioVersion = 10.0.40219.1
Project("{FAE04EC0-301F-11D3-BF4B-00C04F79EFBC}") = "CvAnalyzer.Api", "CvAnalyzer.Api\CvAnalyzer.Api.csproj", "{A5CCF73B-798C-4A9B-A0A2-3B4E773E0DDD}"
EndProject
Project("{FAE04EC0-301F-11D3-BF4B-00C04F79EFBC}") = "CvAnalyzer.Api.Tests", "CvAnalyzer.Api.Tests\CvAnalyzer.Api.Tests.csproj", "{30A5E30A-195C-4FAE-BCD2-F87299CCB572}"
EndProject
Global
	GlobalSection(SolutionConfigurationPlatforms) = preSolution
		Debug|Any CPU = Debug|Any CPU
		Release|Any CPU = Release|Any CPU
	EndGlobalSection
	GlobalSection(SolutionProperties) = preSolution
		HideSolutionNode = FALSE
	EndGlobalSection
	GlobalSection(ProjectConfigurationPlatforms) = postSolution
		{A5CCF73B-798C-4A9B-A0A2-3B4E773E0DDD}.Debug|Any CPU.ActiveCfg = Debug|Any CPU
		{A5CCF73B-798C-4A9B-A0A2-3B4E773E0DDD}.Debug|Any CPU.Build.0 = Debug|Any CPU
		{A5CCF73B-798C-4A9B-A0A2-3B4E773E0DDD}.Release|Any CPU.ActiveCfg = Release|Any CPU
		{A5CCF73B-798C-4A9B-A0A2-3B4E773E0DDD}.Release|Any CPU.Build.0 = Release|Any CPU
		{30A5E30A-195C-4FAE-BCD2-F87299CCB572}.Debug|Any CPU.ActiveCfg = Debug|Any CPU
		{30A5E30A-195C-4FAE-BCD2-F87299CCB572}.Debug|Any CPU.Build.0 = Debug|Any CPU
		{30A5E30A-195C-4FAE-BCD2-F87299CCB572}.Release|Any CPU.ActiveCfg = Release|Any CPU
		{30A5E30A-195C-4FAE-BCD2-F87299CCB572}.Release|Any CPU.Build.0 = Release|Any CPU
	EndGlobalSection
EndGlobal
